// !$*UTF8*$!
{
	archiveVersion = 1;
	classes = {
	};
	objectVersion = 50;
	objects = {

/* Begin PBXBuildFile section */
		25A19DCB64620382E33B6A62 /* Pods_TeachMeShapes.framework in Frameworks */ = {isa = PBXBuildFile; fileRef = DB310153189C8FE59F678676 /* Pods_TeachMeShapes.framework */; };
		68E973A22370F68D00B54240 /* AppDelegate.swift in Sources */ = {isa = PBXBuildFile; fileRef = 68E973A12370F68D00B54240 /* AppDelegate.swift */; };
		68E973A42370F68D00B54240 /* ViewController.swift in Sources */ = {isa = PBXBuildFile; fileRef = 68E973A32370F68D00B54240 /* ViewController.swift */; };
		68E973A72370F68D00B54240 /* Main.storyboard in Resources */ = {isa = PBXBuildFile; fileRef = 68E973A52370F68D00B54240 /* Main.storyboard */; };
		68E973AA2370F68D00B54240 /* TeachMeShapes.xcdatamodeld in Sources */ = {isa = PBXBuildFile; fileRef = 68E973A82370F68D00B54240 /* TeachMeShapes.xcdatamodeld */; };
		68E973AC2370F68F00B54240 /* Assets.xcassets in Resources */ = {isa = PBXBuildFile; fileRef = 68E973AB2370F68F00B54240 /* Assets.xcassets */; };
		68E973AF2370F68F00B54240 /* LaunchScreen.storyboard in Resources */ = {isa = PBXBuildFile; fileRef = 68E973AD2370F68F00B54240 /* LaunchScreen.storyboard */; };
/* End PBXBuildFile section */

/* Begin PBXFileReference section */
		133A3E42392B3E6E607485DD /* Pods-TeachMeShapes.debug.xcconfig */ = {isa = PBXFileReference; includeInIndex = 1; lastKnownFileType = text.xcconfig; name = "Pods-TeachMeShapes.debug.xcconfig"; path = "Target Support Files/Pods-TeachMeShapes/Pods-TeachMeShapes.debug.xcconfig"; sourceTree = "<group>"; };
		672C985A8CC69EDE3EFCEAAD /* Pods-TeachMeShapes.release.xcconfig */ = {isa = PBXFileReference; includeInIndex = 1; lastKnownFileType = text.xcconfig; name = "Pods-TeachMeShapes.release.xcconfig"; path = "Target Support Files/Pods-TeachMeShapes/Pods-TeachMeShapes.release.xcconfig"; sourceTree = "<group>"; };
		68E9739E2370F68D00B54240 /* TeachMeShapes.app */ = {isa = PBXFileReference; explicitFileType = wrapper.application; includeInIndex = 0; path = TeachMeShapes.app; sourceTree = BUILT_PRODUCTS_DIR; };
		68E973A12370F68D00B54240 /* AppDelegate.swift */ = {isa = PBXFileReference; lastKnownFileType = sourcecode.swift; path = AppDelegate.swift; sourceTree = "<group>"; };
		68E973A32370F68D00B54240 /* ViewController.swift */ = {isa = PBXFileReference; lastKnownFileType = sourcecode.swift; path = ViewController.swift; sourceTree = "<group>"; };
		68E973A62370F68D00B54240 /* Base */ = {isa = PBXFileReference; lastKnownFileType = file.storyboard; name = Base; path = Base.lproj/Main.storyboard; sourceTree = "<group>"; };
		68E973A92370F68D00B54240 /* TeachMeShapes.xcdatamodel */ = {isa = PBXFileReference; lastKnownFileType = wrapper.xcdatamodel; path = TeachMeShapes.xcdatamodel; sourceTree = "<group>"; };
		68E973AB2370F68F00B54240 /* Assets.xcassets */ = {isa = PBXFileReference; lastKnownFileType = folder.assetcatalog; path = Assets.xcassets; sourceTree = "<group>"; };
		68E973AE2370F68F00B54240 /* Base */ = {isa = PBXFileReference; lastKnownFileType = file.storyboard; name = Base; path = Base.lproj/LaunchScreen.storyboard; sourceTree = "<group>"; };
		68E973B02370F68F00B54240 /* Info.plist */ = {isa = PBXFileReference; lastKnownFileType = text.plist.xml; path = Info.plist; sourceTree = "<group>"; };
		DB310153189C8FE59F678676 /* Pods_TeachMeShapes.framework */ = {isa = PBXFileReference; explicitFileType = wrapper.framework; includeInIndex = 0; path = Pods_TeachMeShapes.framework; sourceTree = BUILT_PRODUCTS_DIR; };
/* End PBXFileReference section */

/* Begin PBXFrameworksBuildPhase section */
		68E9739B2370F68D00B54240 /* Frameworks */ = {
			isa = PBXFrameworksBuildPhase;
			buildActionMask = 2147483647;
			files = (
				25A19DCB64620382E33B6A62 /* Pods_TeachMeShapes.framework in Frameworks */,
			);
			runOnlyForDeploymentPostprocessing = 0;
		};
/* End PBXFrameworksBuildPhase section */

/* Begin PBXGroup section */
		68E973952370F68D00B54240 = {
			isa = PBXGroup;
			children = (
				68E973A02370F68D00B54240 /* TeachMeShapes */,
				68E9739F2370F68D00B54240 /* Products */,
				D972B0EA219F9B3C0A4771AF /* Pods */,
				9E48B591CB99DA190554196A /* Frameworks */,
			);
			sourceTree = "<group>";
		};
		68E9739F2370F68D00B54240 /* Products */ = {
			isa = PBXGroup;
			children = (
				68E9739E2370F68D00B54240 /* TeachMeShapes.app */,
			);
			name = Products;
			sourceTree = "<group>";
		};
		68E973A02370F68D00B54240 /* TeachMeShapes */ = {
			isa = PBXGroup;
			children = (
				68E973A12370F68D00B54240 /* AppDelegate.swift */,
				68E973A32370F68D00B54240 /* ViewController.swift */,
				68E973A52370F68D00B54240 /* Main.storyboard */,
				68E973AB2370F68F00B54240 /* Assets.xcassets */,
				68E973AD2370F68F00B54240 /* LaunchScreen.storyboard */,
				68E973B02370F68F00B54240 /* Info.plist */,
				68E973A82370F68D00B54240 /* TeachMeShapes.xcdatamodeld */,
			);
			path = TeachMeShapes;
			sourceTree = "<group>";
		};
		9E48B591CB99DA190554196A /* Frameworks */ = {
			isa = PBXGroup;
			children = (
				DB310153189C8FE59F678676 /* Pods_TeachMeShapes.framework */,
			);
			name = Frameworks;
			sourceTree = "<group>";
		};
		D972B0EA219F9B3C0A4771AF /* Pods */ = {
			isa = PBXGroup;
			children = (
				133A3E42392B3E6E607485DD /* Pods-TeachMeShapes.debug.xcconfig */,
				672C985A8CC69EDE3EFCEAAD /* Pods-TeachMeShapes.release.xcconfig */,
			);
			name = Pods;
			path = Pods;
			sourceTree = "<group>";
		};
/* End PBXGroup section */

/* Begin PBXNativeTarget section */
		68E9739D2370F68D00B54240 /* TeachMeShapes */ = {
			isa = PBXNativeTarget;
			buildConfigurationList = 68E973B32370F68F00B54240 /* Build configuration list for PBXNativeTarget "TeachMeShapes" */;
			buildPhases = (
				B0EC446724F8C9F67BF0C5A1 /* [CP] Check Pods Manifest.lock */,
				68E9739A2370F68D00B54240 /* Sources */,
				68E9739B2370F68D00B54240 /* Frameworks */,
				68E9739C2370F68D00B54240 /* Resources */,
				45B53126A58FF1A7713CF651 /* [CP] Embed Pods Frameworks */,
			);
			buildRules = (
			);
			dependencies = (
			);
			name = TeachMeShapes;
			productName = TeachMeShapes;
			productReference = 68E9739E2370F68D00B54240 /* TeachMeShapes.app */;
			productType = "com.apple.product-type.application";
		};
/* End PBXNativeTarget section */

/* Begin PBXProject section */
		68E973962370F68D00B54240 /* Project object */ = {
			isa = PBXProject;
			attributes = {
				LastSwiftUpdateCheck = 1030;
				LastUpgradeCheck = 1030;
				ORGANIZATIONNAME = Lambton;
				TargetAttributes = {
					68E9739D2370F68D00B54240 = {
						CreatedOnToolsVersion = 10.3;
					};
				};
			};
			buildConfigurationList = 68E973992370F68D00B54240 /* Build configuration list for PBXProject "TeachMeShapes" */;
			compatibilityVersion = "Xcode 9.3";
			developmentRegion = en;
			hasScannedForEncodings = 0;
			knownRegions = (
				en,
				Base,
			);
			mainGroup = 68E973952370F68D00B54240;
			productRefGroup = 68E9739F2370F68D00B54240 /* Products */;
			projectDirPath = "";
			projectRoot = "";
			targets = (
				68E9739D2370F68D00B54240 /* TeachMeShapes */,
			);
		};
/* End PBXProject section */

/* Begin PBXResourcesBuildPhase section */
		68E9739C2370F68D00B54240 /* Resources */ = {
			isa = PBXResourcesBuildPhase;
			buildActionMask = 2147483647;
			files = (
				68E973AF2370F68F00B54240 /* LaunchScreen.storyboard in Resources */,
				68E973AC2370F68F00B54240 /* Assets.xcassets in Resources */,
				68E973A72370F68D00B54240 /* Main.storyboard in Resources */,
			);
			runOnlyForDeploymentPostprocessing = 0;
		};
/* End PBXResourcesBuildPhase section */

/* Begin PBXShellScriptBuildPhase section */
		45B53126A58FF1A7713CF651 /* [CP] Embed Pods Frameworks */ = {
			isa = PBXShellScriptBuildPhase;
			buildActionMask = 2147483647;
			files = (
			);
			inputFileListPaths = (
				"${PODS_ROOT}/Target Support Files/Pods-TeachMeShapes/Pods-TeachMeShapes-frameworks-${CONFIGURATION}-input-files.xcfilelist",
			);
			name = "[CP] Embed Pods Frameworks";
			outputFileListPaths = (
				"${PODS_ROOT}/Target Support Files/Pods-TeachMeShapes/Pods-TeachMeShapes-frameworks-${CONFIGURATION}-output-files.xcfilelist",
			);
			runOnlyForDeploymentPostprocessing = 0;
			shellPath = /bin/sh;
			shellScript = "\"${PODS_ROOT}/Target Support Files/Pods-TeachMeShapes/Pods-TeachMeShapes-frameworks.sh\"\n";
			showEnvVarsInLog = 0;
		};
		B0EC446724F8C9F67BF0C5A1 /* [CP] Check Pods Manifest.lock */ = {
			isa = PBXShellScriptBuildPhase;
			buildActionMask = 2147483647;
			files = (
			);
			inputFileListPaths = (
			);
			inputPaths = (
				"${PODS_PODFILE_DIR_PATH}/Podfile.lock",
				"${PODS_ROOT}/Manifest.lock",
			);
			name = "[CP] Check Pods Manifest.lock";
			outputFileListPaths = (
			);
			outputPaths = (
				"$(DERIVED_FILE_DIR)/Pods-TeachMeShapes-checkManifestLockResult.txt",
			);
			runOnlyForDeploymentPostprocessing = 0;
			shellPath = /bin/sh;
			shellScript = "diff \"${PODS_PODFILE_DIR_PATH}/Podfile.lock\" \"${PODS_ROOT}/Manifest.lock\" > /dev/null\nif [ $? != 0 ] ; then\n    # print error to STDERR\n    echo \"error: The sandbox is not in sync with the Podfile.lock. Run 'pod install' or update your CocoaPods installation.\" >&2\n    exit 1\nfi\n# This output is used by Xcode 'outputs' to avoid re-running this script phase.\necho \"SUCCESS\" > \"${SCRIPT_OUTPUT_FILE_0}\"\n";
			showEnvVarsInLog = 0;
		};
/* End PBXShellScriptBuildPhase section */

/* Begin PBXSourcesBuildPhase section */
		68E9739A2370F68D00B54240 /* Sources */ = {
			isa = PBXSourcesBuildPhase;
			buildActionMask = 2147483647;
			files = (
				68E973AA2370F68D00B54240 /* TeachMeShapes.xcdatamodeld in Sources */,
				68E973A42370F68D00B54240 /* ViewController.swift in Sources */,
				68E973A22370F68D00B54240 /* AppDelegate.swift in Sources */,
			);
			runOnlyForDeploymentPostprocessing = 0;
		};
/* End PBXSourcesBuildPhase section */

/* Begin PBXVariantGroup section */
		68E973A52370F68D00B54240 /* Main.storyboard */ = {
			isa = PBXVariantGroup;
			children = (
				68E973A62370F68D00B54240 /* Base */,
			);
			name = Main.storyboard;
			sourceTree = "<group>";
		};
		68E973AD2370F68F00B54240 /* LaunchScreen.storyboard */ = {
			isa = PBXVariantGroup;
			children = (
				68E973AE2370F68F00B54240 /* Base */,
			);
			name = LaunchScreen.storyboard;
			sourceTree = "<group>";
		};
/* End PBXVariantGroup section */

/* Begin XCBuildConfiguration section */
		68E973B12370F68F00B54240 /* Debug */ = {
			isa = XCBuildConfiguration;
			buildSettings = {
				ALWAYS_SEARCH_USER_PATHS = NO;
				CLANG_ANALYZER_NONNULL = YES;
				CLANG_ANALYZER_NUMBER_OBJECT_CONVERSION = YES_AGGRESSIVE;
				CLANG_CXX_LANGUAGE_STANDARD = "gnu++14";
				CLANG_CXX_LIBRARY = "libc++";
				CLANG_ENABLE_MODULES = YES;
				CLANG_ENABLE_OBJC_ARC = YES;
				CLANG_ENABLE_OBJC_WEAK = YES;
				CLANG_WARN_BLOCK_CAPTURE_AUTORELEASING = YES;
				CLANG_WARN_BOOL_CONVERSION = YES;
				CLANG_WARN_COMMA = YES;
				CLANG_WARN_CONSTANT_CONVERSION = YES;
				CLANG_WARN_DEPRECATED_OBJC_IMPLEMENTATIONS = YES;
				CLANG_WARN_DIRECT_OBJC_ISA_USAGE = YES_ERROR;
				CLANG_WARN_DOCUMENTATION_COMMENTS = YES;
				CLANG_WARN_EMPTY_BODY = YES;
				CLANG_WARN_ENUM_CONVERSION = YES;
				CLANG_WARN_INFINITE_RECURSION = YES;
				CLANG_WARN_INT_CONVERSION = YES;
				CLANG_WARN_NON_LITERAL_NULL_CONVERSION = YES;
				CLANG_WARN_OBJC_IMPLICIT_RETAIN_SELF = YES;
				CLANG_WARN_OBJC_LITERAL_CONVERSION = YES;
				CLANG_WARN_OBJC_ROOT_CLASS = YES_ERROR;
				CLANG_WARN_RANGE_LOOP_ANALYSIS = YES;
				CLANG_WARN_STRICT_PROTOTYPES = YES;
				CLANG_WARN_SUSPICIOUS_MOVE = YES;
				CLANG_WARN_UNGUARDED_AVAILABILITY = YES_AGGRESSIVE;
				CLANG_WARN_UNREACHABLE_CODE = YES;
				CLANG_WARN__DUPLICATE_METHOD_MATCH = YES;
				CODE_SIGN_IDENTITY = "iPhone Developer";
				COPY_PHASE_STRIP = NO;
				DEBUG_INFORMATION_FORMAT = dwarf;
				ENABLE_STRICT_OBJC_MSGSEND = YES;
				ENABLE_TESTABILITY = YES;
				GCC_C_LANGUAGE_STANDARD = gnu11;
				GCC_DYNAMIC_NO_PIC = NO;
				GCC_NO_COMMON_BLOCKS = YES;
				GCC_OPTIMIZATION_LEVEL = 0;
				GCC_PREPROCESSOR_DEFINITIONS = (
					"DEBUG=1",
					"$(inherited)",
				);
				GCC_WARN_64_TO_32_BIT_CONVERSION = YES;
				GCC_WARN_ABOUT_RETURN_TYPE = YES_ERROR;
				GCC_WARN_UNDECLARED_SELECTOR = YES;
				GCC_WARN_UNINITIALIZED_AUTOS = YES_AGGRESSIVE;
				GCC_WARN_UNUSED_FUNCTION = YES;
				GCC_WARN_UNUSED_VARIABLE = YES;
				IPHONEOS_DEPLOYMENT_TARGET = 12.4;
				MTL_ENABLE_DEBUG_INFO = INCLUDE_SOURCE;
				MTL_FAST_MATH = YES;
				ONLY_ACTIVE_ARCH = YES;
				SDKROOT = iphoneos;
				SWIFT_ACTIVE_COMPILATION_CONDITIONS = DEBUG;
				SWIFT_OPTIMIZATION_LEVEL = "-Onone";
			};
			name = Debug;
		};
		68E973B22370F68F00B54240 /* Release */ = {
			isa = XCBuildConfiguration;
			buildSettings = {
				ALWAYS_SEARCH_USER_PATHS = NO;
				CLANG_ANALYZER_NONNULL = YES;
				CLANG_ANALYZER_NUMBER_OBJECT_CONVERSION = YES_AGGRESSIVE;
				CLANG_CXX_LANGUAGE_STANDARD = "gnu++14";
				CLANG_CXX_LIBRARY = "libc++";
				CLANG_ENABLE_MODULES = YES;
				CLANG_ENABLE_OBJC_ARC = YES;
				CLANG_ENABLE_OBJC_WEAK = YES;
				CLANG_WARN_BLOCK_CAPTURE_AUTORELEASING = YES;
				CLANG_WARN_BOOL_CONVERSION = YES;
				CLANG_WARN_COMMA = YES;
				CLANG_WARN_CONSTANT_CONVERSION = YES;
				CLANG_WARN_DEPRECATED_OBJC_IMPLEMENTATIONS = YES;
				CLANG_WARN_DIRECT_OBJC_ISA_USAGE = YES_ERROR;
				CLANG_WARN_DOCUMENTATION_COMMENTS = YES;
				CLANG_WARN_EMPTY_BODY = YES;
				CLANG_WARN_ENUM_CONVERSION = YES;
				CLANG_WARN_INFINITE_RECURSION = YES;
				CLANG_WARN_INT_CONVERSION = YES;
				CLANG_WARN_NON_LITERAL_NULL_CONVERSION = YES;
				CLANG_WARN_OBJC_IMPLICIT_RETAIN_SELF = YES;
				CLANG_WARN_OBJC_LITERAL_CONVERSION = YES;
				CLANG_WARN_OBJC_ROOT_CLASS = YES_ERROR;
				CLANG_WARN_RANGE_LOOP_ANALYSIS = YES;
				CLANG_WARN_STRICT_PROTOTYPES = YES;
				CLANG_WARN_SUSPICIOUS_MOVE = YES;
				CLANG_WARN_UNGUARDED_AVAILABILITY = YES_AGGRESSIVE;
				CLANG_WARN_UNREACHABLE_CODE = YES;
				CLANG_WARN__DUPLICATE_METHOD_MATCH = YES;
				CODE_SIGN_IDENTITY = "iPhone Developer";
				COPY_PHASE_STRIP = NO;
				DEBUG_INFORMATION_FORMAT = "dwarf-with-dsym";
				ENABLE_NS_ASSERTIONS = NO;
				ENABLE_STRICT_OBJC_MSGSEND = YES;
				GCC_C_LANGUAGE_STANDARD = gnu11;
				GCC_NO_COMMON_BLOCKS = YES;
				GCC_WARN_64_TO_32_BIT_CONVERSION = YES;
				GCC_WARN_ABOUT_RETURN_TYPE = YES_ERROR;
				GCC_WARN_UNDECLARED_SELECTOR = YES;
				GCC_WARN_UNINITIALIZED_AUTOS = YES_AGGRESSIVE;
				GCC_WARN_UNUSED_FUNCTION = YES;
				GCC_WARN_UNUSED_VARIABLE = YES;
				IPHONEOS_DEPLOYMENT_TARGET = 12.4;
				MTL_ENABLE_DEBUG_INFO = NO;
				MTL_FAST_MATH = YES;
				SDKROOT = iphoneos;
				SWIFT_COMPILATION_MODE = wholemodule;
				SWIFT_OPTIMIZATION_LEVEL = "-O";
				VALIDATE_PRODUCT = YES;
			};
			name = Release;
		};
		68E973B42370F68F00B54240 /* Debug */ = {
			isa = XCBuildConfiguration;
			baseConfigurationReference = 133A3E42392B3E6E607485DD /* Pods-TeachMeShapes.debug.xcconfig */;
			buildSettings = {
				ASSETCATALOG_COMPILER_APPICON_NAME = AppIcon;
				CODE_SIGN_STYLE = Automatic;
				INFOPLIST_FILE = TeachMeShapes/Info.plist;
				LD_RUNPATH_SEARCH_PATHS = (
					"$(inherited)",
					"@executable_path/Frameworks",
				);
				PRODUCT_BUNDLE_IDENTIFIER = ca.lambtoncollege.mad3115.TeachMeShapes;
				PRODUCT_NAME = "$(TARGET_NAME)";
				SWIFT_VERSION = 5.0;
				TARGETED_DEVICE_FAMILY = "1,2";
			};
			name = Debug;
		};
		68E973B52370F68F00B54240 /* Release */ = {
			isa = XCBuildConfiguration;
			baseConfigurationReference = 672C985A8CC69EDE3EFCEAAD /* Pods-TeachMeShapes.release.xcconfig */;
			buildSettings = {
				ASSETCATALOG_COMPILER_APPICON_NAME = AppIcon;
				CODE_SIGN_STYLE = Automatic;
				INFOPLIST_FILE = TeachMeShapes/Info.plist;
				LD_RUNPATH_SEARCH_PATHS = (
					"$(inherited)",
					"@executable_path/Frameworks",
				);
				PRODUCT_BUNDLE_IDENTIFIER = ca.lambtoncollege.mad3115.TeachMeShapes;
				PRODUCT_NAME = "$(TARGET_NAME)";
				SWIFT_VERSION = 5.0;
				TARGETED_DEVICE_FAMILY = "1,2";
			};
			name = Release;
		};
/* End XCBuildConfiguration section */

/* Begin XCConfigurationList section */
		68E973992370F68D00B54240 /* Build configuration list for PBXProject "TeachMeShapes" */ = {
			isa = XCConfigurationList;
			buildConfigurations = (
				68E973B12370F68F00B54240 /* Debug */,
				68E973B22370F68F00B54240 /* Release */,
			);
			defaultConfigurationIsVisible = 0;
			defaultConfigurationName = Release;
		};
		68E973B32370F68F00B54240 /* Build configuration list for PBXNativeTarget "TeachMeShapes" */ = {
			isa = XCConfigurationList;
			buildConfigurations = (
				68E973B42370F68F00B54240 /* Debug */,
				68E973B52370F68F00B54240 /* Release */,
			);
			defaultConfigurationIsVisible = 0;
			defaultConfigurationName = Release;
		};
/* End XCConfigurationList section */

/* Begin XCVersionGroup section */
		68E973A82370F68D00B54240 /* TeachMeShapes.xcdatamodeld */ = {
			isa = XCVersionGroup;
			children = (
				68E973A92370F68D00B54240 /* TeachMeShapes.xcdatamodel */,
			);
			currentVersion = 68E973A92370F68D00B54240 /* TeachMeShapes.xcdatamodel */;
			path = TeachMeShapes.xcdatamodeld;
			sourceTree = "<group>";
			versionGroupType = wrapper.xcdatamodel;
		};
/* End XCVersionGroup section */
	};
	rootObject = 68E973962370F68D00B54240 /* Project object */;
}
